
Microsoft Visual Studio Solution File, Format Version 12.00
# Visual Studio Version 17
VisualStudioVersion = 17.11.35222.181
MinimumVisualStudioVersion = 10.0.40219.1
Project("{8BC9CEB8-8B4A-11D0-8D11-00A0C91BC942}") = "CrossViewSource", "CrossViewSource\CrossViewSource.vcxitems", "{AE951ED2-7201-4499-BFDA-04290325E0F8}"
EndProject
Project("{8BC9CEB8-8B4A-11D0-8D11-00A0C91BC942}") = "CrossView", "CrossView\CrossView.vcxproj", "{B6BDBC2A-B32F-4B34-8EDC-A5CDC88790D3}"
EndProject
Project("{8BC9CEB8-8B4A-11D0-8D11-00A0C91BC942}") = "CrossViewExample", "CrossViewExample\WindowsDesktopApplication\CrossViewExample.vcxproj", "{6403913F-50B4-4D51-AAA1-0769DF076CE5}"
EndProject
Global
	GlobalSection(SolutionConfigurationPlatforms) = preSolution
		Debug|x64 = Debug|x64
		Debug|x86 = Debug|x86
		Release|x64 = Release|x64
		Release|x86 = Release|x86
	EndGlobalSection
	GlobalSection(ProjectConfigurationPlatforms) = postSolution
		{B6BDBC2A-B32F-4B34-8EDC-A5CDC88790D3}.Debug|x64.ActiveCfg = Debug|x64
		{B6BDBC2A-B32F-4B34-8EDC-A5CDC88790D3}.Debug|x64.Build.0 = Debug|x64
		{B6BDBC2A-B32F-4B34-8EDC-A5CDC88790D3}.Debug|x86.ActiveCfg = Debug|Win32
		{B6BDBC2A-B32F-4B34-8EDC-A5CDC88790D3}.Debug|x86.Build.0 = Debug|Win32
		{B6BDBC2A-B32F-4B34-8EDC-A5CDC88790D3}.Release|x64.ActiveCfg = Release|x64
		{B6BDBC2A-B32F-4B34-8EDC-A5CDC88790D3}.Release|x64.Build.0 = Release|x64
		{B6BDBC2A-B32F-4B34-8EDC-A5CDC88790D3}.Release|x86.ActiveCfg = Release|Win32
		{B6BDBC2A-B32F-4B34-8EDC-A5CDC88790D3}.Release|x86.Build.0 = Release|Win32
		{6403913F-50B4-4D51-AAA1-0769DF076CE5}.Debug|x64.ActiveCfg = Debug|x64
		{6403913F-50B4-4D51-AAA1-0769DF076CE5}.Debug|x64.Build.0 = Debug|x64
		{6403913F-50B4-4D51-AAA1-0769DF076CE5}.Debug|x86.ActiveCfg = Debug|Win32
		{6403913F-50B4-4D51-AAA1-0769DF076CE5}.Debug|x86.Build.0 = Debug|Win32
		{6403913F-50B4-4D51-AAA1-0769DF076CE5}.Release|x64.ActiveCfg = Release|x64
		{6403913F-50B4-4D51-AAA1-0769DF076CE5}.Release|x64.Build.0 = Release|x64
		{6403913F-50B4-4D51-AAA1-0769DF076CE5}.Release|x86.ActiveCfg = Release|Win32
		{6403913F-50B4-4D51-AAA1-0769DF076CE5}.Release|x86.Build.0 = Release|Win32
	EndGlobalSection
	GlobalSection(SolutionProperties) = preSolution
		HideSolutionNode = FALSE
	EndGlobalSection
	GlobalSection(ExtensibilityGlobals) = postSolution
		SolutionGuid = {5C7EB7DB-3410-4BB3-97C5-A9ADC174E158}
	EndGlobalSection
	GlobalSection(SharedMSBuildProjectFiles) = preSolution
		CrossViewSource\CrossViewSource.vcxitems*{ae951ed2-7201-4499-bfda-04290325e0f8}*SharedItemsImports = 9
		CrossViewSource\CrossViewSource.vcxitems*{b6bdbc2a-b32f-4b34-8edc-a5cdc88790d3}*SharedItemsImports = 4
	EndGlobalSection
EndGlobal
